{
  "name": "iot",
  "version": "0.0.1",
  "lockfileVersion": 2,
  "requires": true,
  "packages": {
    "": {
      "name": "iot",
      "version": "0.0.1",
      "license": "MIT",
      "dependencies": {
        "director": "^1.2.8",
        "material-design-lite": "^1.3.0",
        "minimist": "^1.2.5"
      }
    },
    "node_modules/director": {
      "version": "1.2.8",
      "resolved": "https://registry.npmjs.org/director/-/director-1.2.8.tgz",
      "integrity": "sha1-xtm03YkOmv9TZRg/6cyOc5lM8tU=",
      "engines": {
        "node": ">= 0.8.0"
      }
    },
    "node_modules/material-design-lite": {
      "version": "1.3.0",
      "resolved": "https://registry.npmjs.org/material-design-lite/-/material-design-lite-1.3.0.tgz",
      "integrity": "sha1-0ATOP+6Zoe63Sni4oyUTSl8RcdM=",
      "license": "Apache-2.0",
      "engines": {
        "node": ">=0.12.0"
      }
    },
    "node_modules/minimist": {
      "version": "1.2.5",
      "resolved": "https://registry.npmjs.org/minimist/-/minimist-1.2.5.tgz",
      "integrity": "sha512-FM9nNUYrRBAELZQT3xeZQ7fmMOBg6nWNmJKTcgsJeaLstP/UODVpGsr5OhXhhXg6f+qtJ8uiZ+PUxkDWcgIXLw=="
    }
  },
  "dependencies": {
    "director": {
      "version": "1.2.8",
      "resolved": "https://registry.npmjs.org/director/-/director-1.2.8.tgz",
      "integrity": "sha1-xtm03YkOmv9TZRg/6cyOc5lM8tU="
    },
    "material-design-lite": {
      "version": "1.3.0",
      "resolved": "https://registry.npmjs.org/material-design-lite/-/material-design-lite-1.3.0.tgz",
      "integrity": "sha1-0ATOP+6Zoe63Sni4oyUTSl8RcdM="
    },
    "minimist": {
      "version": "1.2.5",
      "resolved": "https://registry.npmjs.org/minimist/-/minimist-1.2.5.tgz",
      "integrity": "sha512-FM9nNUYrRBAELZQT3xeZQ7fmMOBg6nWNmJKTcgsJeaLstP/UODVpGsr5OhXhhXg6f+qtJ8uiZ+PUxkDWcgIXLw=="
    }
  }
}
